
Microsoft Visual Studio Solution File, Format Version 12.00
# Visual Studio 15
VisualStudioVersion = 15.0.27130.2003
MinimumVisualStudioVersion = 10.0.40219.1
Project("{FAE04EC0-301F-11D3-BF4B-00C04F79EFBC}") = "WordsCounter", "WordsCounter\WordsCounter.csproj", "{C8A8721F-E81C-4DB2-9EEE-C36B39D093D8}"
EndProject
Global
	GlobalSection(SolutionConfigurationPlatforms) = preSolution
		Debug|Any CPU = Debug|Any CPU
		Release|Any CPU = Release|Any CPU
	EndGlobalSection
	GlobalSection(ProjectConfigurationPlatforms) = postSolution
		{C8A8721F-E81C-4DB2-9EEE-C36B39D093D8}.Debug|Any CPU.ActiveCfg = Debug|Any CPU
		{C8A8721F-E81C-4DB2-9EEE-C36B39D093D8}.Debug|Any CPU.Build.0 = Debug|Any CPU
		{C8A8721F-E81C-4DB2-9EEE-C36B39D093D8}.Release|Any CPU.ActiveCfg = Release|Any CPU
		{C8A8721F-E81C-4DB2-9EEE-C36B39D093D8}.Release|Any CPU.Build.0 = Release|Any CPU
	EndGlobalSection
	GlobalSection(SolutionProperties) = preSolution
		HideSolutionNode = FALSE
	EndGlobalSection
	GlobalSection(ExtensibilityGlobals) = postSolution
		SolutionGuid = {509E95A2-767B-41F4-9DCB-387423DB8AC0}
	EndGlobalSection
EndGlobal
